Microsoft Visual Studio Solution File, Format Version 12.00
# Visual Studio 2012
Project("{FAE04EC0-301F-11D3-BF4B-00C04F79EFBC}") = "2D Puzzle Platformer", "2D Puzzle Platformer.csproj", "{D4E9828E-0440-4D95-AEAA-E086B2850429}"
EndProject
Global
	GlobalSection(SolutionConfigurationPlatforms) = preSolution
	Debug|Any CPU = Debug|Any CPU
	ExportDebug|Any CPU = ExportDebug|Any CPU
	ExportRelease|Any CPU = ExportRelease|Any CPU
	EndGlobalSection
	GlobalSection(ProjectConfigurationPlatforms) = postSolution
		{D4E9828E-0440-4D95-AEAA-E086B2850429}.Debug|Any CPU.ActiveCfg = Debug|Any CPU
		{D4E9828E-0440-4D95-AEAA-E086B2850429}.Debug|Any CPU.Build.0 = Debug|Any CPU
		{D4E9828E-0440-4D95-AEAA-E086B2850429}.ExportDebug|Any CPU.ActiveCfg = ExportDebug|Any CPU
		{D4E9828E-0440-4D95-AEAA-E086B2850429}.ExportDebug|Any CPU.Build.0 = ExportDebug|Any CPU
		{D4E9828E-0440-4D95-AEAA-E086B2850429}.ExportRelease|Any CPU.ActiveCfg = ExportRelease|Any CPU
		{D4E9828E-0440-4D95-AEAA-E086B2850429}.ExportRelease|Any CPU.Build.0 = ExportRelease|Any CPU
	EndGlobalSection
EndGlobal
